
Microsoft Visual Studio Solution File, Format Version 12.00
# Visual Studio Version 17
VisualStudioVersion = 17.9.34728.123
MinimumVisualStudioVersion = 10.0.40219.1
Project("{FAE04EC0-301F-11D3-BF4B-00C04F79EFBC}") = "WpfApp2", "WpfApp2\WpfApp2.csproj", "{8FE96E46-C46C-4EE1-9659-1FFDF6999B1C}"
EndProject
Global
	GlobalSection(SolutionConfigurationPlatforms) = preSolution
		Debug|Any CPU = Debug|Any CPU
		Release|Any CPU = Release|Any CPU
	EndGlobalSection
	GlobalSection(ProjectConfigurationPlatforms) = postSolution
		{8FE96E46-C46C-4EE1-9659-1FFDF6999B1C}.Debug|Any CPU.ActiveCfg = Debug|Any CPU
		{8FE96E46-C46C-4EE1-9659-1FFDF6999B1C}.Debug|Any CPU.Build.0 = Debug|Any CPU
		{8FE96E46-C46C-4EE1-9659-1FFDF6999B1C}.Release|Any CPU.ActiveCfg = Release|Any CPU
		{8FE96E46-C46C-4EE1-9659-1FFDF6999B1C}.Release|Any CPU.Build.0 = Release|Any CPU
	EndGlobalSection
	GlobalSection(SolutionProperties) = preSolution
		HideSolutionNode = FALSE
	EndGlobalSection
	GlobalSection(ExtensibilityGlobals) = postSolution
		SolutionGuid = {FB458211-29D8-441F-8D85-6BD8A2885B02}
	EndGlobalSection
EndGlobal
